PODS:
  - LNAccountModule (0.1.1):
    - LNCommonKit (~> 0.1.1)
    - LNModuleCore (~> 0.1.6)
    - LNModuleProtocol (~> 0.1.3)
  - LNCommonKit (0.1.1):
    - LNCommonKit/Foundation (= 0.1.1)
    - LNCommonKit/Router (= 0.1.1)
  - LNCommonKit/Foundation (0.1.1)
  - LNCommonKit/Router (0.1.1)
  - LNModuleCore (0.1.6)
  - LNModuleProtocol (0.1.3)

DEPENDENCIES:
  - LNAccountModule (from `../`)

SPEC REPOS:
  https://github.com/NoNameOrganazation/LNSpec.git:
    - LNCommonKit
    - LNModuleCore
    - LNModuleProtocol

EXTERNAL SOURCES:
  LNAccountModule:
    :path: "../"

SPEC CHECKSUMS:
  LNAccountModule: 1e984a608ab5a342a3d1cc6660ed323002386447
  LNCommonKit: fba5fec6d1bd99b7abe9fee38cf38f5fdcbee5f7
  LNModuleCore: 20e9172c888021179592f48790f9bf3d8020e5c9
  LNModuleProtocol: cdbde9135121be91f15ad33e60f940131b288e3f

PODFILE CHECKSUM: cd30a22a17140a775b66f3856d5a57a21faa197f

COCOAPODS: 1.10.0
